
Microsoft Visual Studio Solution File, Format Version 12.00
# Visual Studio 15
VisualStudioVersion = 15.0.28010.2019
MinimumVisualStudioVersion = 10.0.40219.1
Project("{FAE04EC0-301F-11D3-BF4B-00C04F79EFBC}") = "API", "API\API.csproj", "{491D4DCB-A934-4EB1-A721-E7DBA03FB2C9}"
EndProject
Project("{FAE04EC0-301F-11D3-BF4B-00C04F79EFBC}") = "Models", "Models\Models.csproj", "{359B85F4-0A1B-4691-97D0-DDCA4759B4E3}"
EndProject
Project("{FAE04EC0-301F-11D3-BF4B-00C04F79EFBC}") = "Web", "Web\Web.csproj", "{0C8CF85E-25BC-44DE-9671-31E35B18CD28}"
EndProject
Global
	GlobalSection(SolutionConfigurationPlatforms) = preSolution
		Debug|Any CPU = Debug|Any CPU
		Release|Any CPU = Release|Any CPU
	EndGlobalSection
	GlobalSection(ProjectConfigurationPlatforms) = postSolution
		{491D4DCB-A934-4EB1-A721-E7DBA03FB2C9}.Debug|Any CPU.ActiveCfg = Debug|Any CPU
		{491D4DCB-A934-4EB1-A721-E7DBA03FB2C9}.Debug|Any CPU.Build.0 = Debug|Any CPU
		{491D4DCB-A934-4EB1-A721-E7DBA03FB2C9}.Release|Any CPU.ActiveCfg = Release|Any CPU
		{491D4DCB-A934-4EB1-A721-E7DBA03FB2C9}.Release|Any CPU.Build.0 = Release|Any CPU
		{359B85F4-0A1B-4691-97D0-DDCA4759B4E3}.Debug|Any CPU.ActiveCfg = Debug|Any CPU
		{359B85F4-0A1B-4691-97D0-DDCA4759B4E3}.Debug|Any CPU.Build.0 = Debug|Any CPU
		{359B85F4-0A1B-4691-97D0-DDCA4759B4E3}.Release|Any CPU.ActiveCfg = Release|Any CPU
		{359B85F4-0A1B-4691-97D0-DDCA4759B4E3}.Release|Any CPU.Build.0 = Release|Any CPU
		{0C8CF85E-25BC-44DE-9671-31E35B18CD28}.Debug|Any CPU.ActiveCfg = Debug|Any CPU
		{0C8CF85E-25BC-44DE-9671-31E35B18CD28}.Debug|Any CPU.Build.0 = Debug|Any CPU
		{0C8CF85E-25BC-44DE-9671-31E35B18CD28}.Release|Any CPU.ActiveCfg = Release|Any CPU
		{0C8CF85E-25BC-44DE-9671-31E35B18CD28}.Release|Any CPU.Build.0 = Release|Any CPU
	EndGlobalSection
	GlobalSection(SolutionProperties) = preSolution
		HideSolutionNode = FALSE
	EndGlobalSection
	GlobalSection(ExtensibilityGlobals) = postSolution
		SolutionGuid = {AE62F707-64D3-43B3-B721-1929851F2413}
	EndGlobalSection
EndGlobal
